
Microsoft Visual Studio Solution File, Format Version 12.00
# Visual Studio Version 17
VisualStudioVersion = 17.12.35527.113
MinimumVisualStudioVersion = 10.0.40219.1
Project("{FAE04EC0-301F-11D3-BF4B-00C04F79EFBC}") = "ShipTracker.Server", "ShipTracker.Server\ShipTracker.Server.csproj", "{868B6871-A1C5-4114-AAE5-23CBE146CFB2}"
EndProject
Project("{FAE04EC0-301F-11D3-BF4B-00C04F79EFBC}") = "ShipTracker.Server.Tests", "ShipTracker.Server.Tests\ShipTracker.Server.Tests.csproj", "{D12F3754-484F-440D-87DA-B52B5EDF6A5E}"
EndProject
Global
	GlobalSection(SolutionConfigurationPlatforms) = preSolution
		Debug|Any CPU = Debug|Any CPU
		Release|Any CPU = Release|Any CPU
	EndGlobalSection
	GlobalSection(ProjectConfigurationPlatforms) = postSolution
		{868B6871-A1C5-4114-AAE5-23CBE146CFB2}.Debug|Any CPU.ActiveCfg = Debug|Any CPU
		{868B6871-A1C5-4114-AAE5-23CBE146CFB2}.Debug|Any CPU.Build.0 = Debug|Any CPU
		{868B6871-A1C5-4114-AAE5-23CBE146CFB2}.Release|Any CPU.ActiveCfg = Release|Any CPU
		{868B6871-A1C5-4114-AAE5-23CBE146CFB2}.Release|Any CPU.Build.0 = Release|Any CPU
		{D12F3754-484F-440D-87DA-B52B5EDF6A5E}.Debug|Any CPU.ActiveCfg = Debug|Any CPU
		{D12F3754-484F-440D-87DA-B52B5EDF6A5E}.Debug|Any CPU.Build.0 = Debug|Any CPU
		{D12F3754-484F-440D-87DA-B52B5EDF6A5E}.Release|Any CPU.ActiveCfg = Release|Any CPU
		{D12F3754-484F-440D-87DA-B52B5EDF6A5E}.Release|Any CPU.Build.0 = Release|Any CPU
	EndGlobalSection
	GlobalSection(SolutionProperties) = preSolution
		HideSolutionNode = FALSE
	EndGlobalSection
EndGlobal
